{
  "version": 4,
  "terraform_version": "0.12.8",
  "serial": 44,
  "lineage": "1fc60b91-1ca9-965b-eccf-f739bf1f3b3f",
  "outputs": {},
  "resources": [
    {
      "mode": "managed",
      "type": "aws_instance",
      "name": "frontend",
      "provider": "provider.aws",
      "instances": [
        {
          "schema_version": 1,
          "attributes": {
            "ami": "ami-08935252a36e25f85",
            "arn": "arn:aws:ec2:eu-west-1:336209744632:instance/i-0d785a0482f1a2ebf",
            "associate_public_ip_address": true,
            "availability_zone": "eu-west-1b",
            "cpu_core_count": 1,
            "cpu_threads_per_core": 1,
            "credit_specification": [
              {
                "cpu_credits": "standard"
              }
            ],
            "disable_api_termination": false,
            "ebs_block_device": [],
            "ebs_optimized": false,
            "ephemeral_block_device": [],
            "get_password_data": false,
            "host_id": null,
            "iam_instance_profile": "",
            "id": "i-0d785a0482f1a2ebf",
            "instance_initiated_shutdown_behavior": null,
            "instance_state": "running",
            "instance_type": "t2.micro",
            "ipv6_address_count": 0,
            "ipv6_addresses": [],
            "key_name": "devops_key",
            "monitoring": false,
            "network_interface": [],
            "network_interface_id": null,
            "password_data": "",
            "placement_group": "",
            "primary_network_interface_id": "eni-0e46678d55664fc7c",
            "private_dns": "ip-172-31-11-245.eu-west-1.compute.internal",
            "private_ip": "172.31.11.245",
            "public_dns": "ec2-34-247-40-240.eu-west-1.compute.amazonaws.com",
            "public_ip": "34.247.40.240",
            "root_block_device": [
              {
                "delete_on_termination": true,
                "encrypted": false,
                "iops": 100,
                "kms_key_id": "",
                "volume_id": "vol-0753b22db20949439",
                "volume_size": 8,
                "volume_type": "gp2"
              }
            ],
            "security_groups": [
              "devops_sg"
            ],
            "source_dest_check": true,
            "subnet_id": "subnet-9cbfa3fb",
            "tags": {
              "Name": "devops_frontend"
            },
            "tenancy": "default",
            "timeouts": null,
            "user_data": null,
            "user_data_base64": "IyEvYmluL2Jhc2gKeXVtIC15IHVwZGF0ZSAKeXVtIGluc3RhbGwgLXkgbmdpbngKY3VybCAtLXNpbGVudCAtLWxvY2F0aW9uIGh0dHBzOi8vcnBtLm5vZGVzb3VyY2UuY29tL3NldHVwXzExLnggfCBzdWRvIGJhc2ggLQpzdWRvIHl1bSBpbnN0YWxsIC15IG5vZGVqcyBub2RlanMtZGV2ZWwgLS1lbmFibGVyZXBvPW5vZGVzb3VyY2UKbm9kZSAtdgpzdWRvIHl1bSBpbnN0YWxsIC15IGdpdApnaXQgY2xvbmUgaHR0cHM6Ly9naXRodWIuY29tL2VnaG9zL2Rldm9wc190ZXN0LmdpdCAKY2QgZGV2b3BzX3Rlc3QvZnJvbnRlbmQKbnBtIGluc3RhbGwKbnBtIHJ1biBidWlsZCAKc3VkbyBjcCBuZ2lueC9kZWZhdWx0LmNvbmYgL2V0Yy9uZ2lueC9jb25mLmQvZGVmYXVsdC5jb25mCnN1ZG8gY3AgLVIgYnVpbGQgL3Vzci9zaGFyZS9uZ2lueC9odG1sL2J1aWxkCnN1ZG8gc2VydmljZSBuZ2lueCBzdGFydAo=",
            "volume_tags": {},
            "vpc_security_group_ids": [
              "sg-006ec3ddaa5f06506"
            ]
          },
          "private": "eyJlMmJmYjczMC1lY2FhLTExZTYtOGY4OC0zNDM2M2JjN2M0YzAiOnsiY3JlYXRlIjo2MDAwMDAwMDAwMDAsImRlbGV0ZSI6MTIwMDAwMDAwMDAwMCwidXBkYXRlIjo2MDAwMDAwMDAwMDB9LCJzY2hlbWFfdmVyc2lvbiI6IjEifQ==",
          "depends_on": [
            "aws_security_group.devops_sg"
          ]
        }
      ]
    },
    {
      "mode": "managed",
      "type": "aws_instance",
      "name": "server",
      "provider": "provider.aws",
      "instances": [
        {
          "schema_version": 1,
          "attributes": {
            "ami": "ami-08935252a36e25f85",
            "arn": "arn:aws:ec2:eu-west-1:336209744632:instance/i-07030496522b9b0e0",
            "associate_public_ip_address": true,
            "availability_zone": "eu-west-1b",
            "cpu_core_count": 1,
            "cpu_threads_per_core": 1,
            "credit_specification": [
              {
                "cpu_credits": "standard"
              }
            ],
            "disable_api_termination": false,
            "ebs_block_device": [],
            "ebs_optimized": false,
            "ephemeral_block_device": [],
            "get_password_data": false,
            "host_id": null,
            "iam_instance_profile": "",
            "id": "i-07030496522b9b0e0",
            "instance_initiated_shutdown_behavior": null,
            "instance_state": "running",
            "instance_type": "t2.micro",
            "ipv6_address_count": 0,
            "ipv6_addresses": [],
            "key_name": "devops_key",
            "monitoring": false,
            "network_interface": [],
            "network_interface_id": null,
            "password_data": "",
            "placement_group": "",
            "primary_network_interface_id": "eni-0104c479afa337df0",
            "private_dns": "ip-172-31-2-106.eu-west-1.compute.internal",
            "private_ip": "172.31.2.106",
            "public_dns": "ec2-34-254-164-29.eu-west-1.compute.amazonaws.com",
            "public_ip": "34.254.164.29",
            "root_block_device": [
              {
                "delete_on_termination": true,
                "encrypted": false,
                "iops": 100,
                "kms_key_id": "",
                "volume_id": "vol-0a779ecb070fcb77f",
                "volume_size": 8,
                "volume_type": "gp2"
              }
            ],
            "security_groups": [
              "devops_sg"
            ],
            "source_dest_check": true,
            "subnet_id": "subnet-9cbfa3fb",
            "tags": {
              "Name": "devops_server"
            },
            "tenancy": "default",
            "timeouts": null,
            "user_data": null,
            "user_data_base64": "IyEvYmluL2Jhc2gKeXVtIC15IHVwZGF0ZSAKY3VybCAtLXNpbGVudCAtLWxvY2F0aW9uIGh0dHBzOi8vcnBtLm5vZGVzb3VyY2UuY29tL3NldHVwXzExLnggfCBzdWRvIGJhc2ggLQpzdWRvIHl1bSBpbnN0YWxsIC15IG5vZGVqcyBub2RlanMtZGV2ZWwgLS1lbmFibGVyZXBvPW5vZGVzb3VyY2UKbm9kZSAtdgpzdWRvIHl1bSBpbnN0YWxsIC15IGdpdApnaXQgY2xvbmUgaHR0cHM6Ly9naXRodWIuY29tL2VnaG9zL2Rldm9wc190ZXN0LmdpdCAKY2QgZGV2b3BzX3Rlc3Qvc2VydmVyCm5wbSBpbnN0YWxsCm5wbSBydW4gc3RhcnQK",
            "volume_tags": {},
            "vpc_security_group_ids": [
              "sg-006ec3ddaa5f06506"
            ]
          },
          "private": "eyJlMmJmYjczMC1lY2FhLTExZTYtOGY4OC0zNDM2M2JjN2M0YzAiOnsiY3JlYXRlIjo2MDAwMDAwMDAwMDAsImRlbGV0ZSI6MTIwMDAwMDAwMDAwMCwidXBkYXRlIjo2MDAwMDAwMDAwMDB9LCJzY2hlbWFfdmVyc2lvbiI6IjEifQ==",
          "depends_on": [
            "aws_security_group.devops_sg"
          ]
        }
      ]
    },
    {
      "mode": "managed",
      "type": "aws_instance",
      "name": "worker",
      "provider": "provider.aws",
      "instances": [
        {
          "schema_version": 1,
          "attributes": {
            "ami": "ami-08935252a36e25f85",
            "arn": "arn:aws:ec2:eu-west-1:336209744632:instance/i-0b760fee5bbf25d87",
            "associate_public_ip_address": true,
            "availability_zone": "eu-west-1b",
            "cpu_core_count": 1,
            "cpu_threads_per_core": 1,
            "credit_specification": [
              {
                "cpu_credits": "standard"
              }
            ],
            "disable_api_termination": false,
            "ebs_block_device": [],
            "ebs_optimized": false,
            "ephemeral_block_device": [],
            "get_password_data": false,
            "host_id": null,
            "iam_instance_profile": "",
            "id": "i-0b760fee5bbf25d87",
            "instance_initiated_shutdown_behavior": null,
            "instance_state": "running",
            "instance_type": "t2.micro",
            "ipv6_address_count": 0,
            "ipv6_addresses": [],
            "key_name": "devops_key",
            "monitoring": false,
            "network_interface": [],
            "network_interface_id": null,
            "password_data": "",
            "placement_group": "",
            "primary_network_interface_id": "eni-02ff5f4d383afe1c2",
            "private_dns": "ip-172-31-7-95.eu-west-1.compute.internal",
            "private_ip": "172.31.7.95",
            "public_dns": "ec2-54-194-24-245.eu-west-1.compute.amazonaws.com",
            "public_ip": "54.194.24.245",
            "root_block_device": [
              {
                "delete_on_termination": true,
                "encrypted": false,
                "iops": 100,
                "kms_key_id": "",
                "volume_id": "vol-0f42597b83a0b920f",
                "volume_size": 8,
                "volume_type": "gp2"
              }
            ],
            "security_groups": [
              "devops_sg"
            ],
            "source_dest_check": true,
            "subnet_id": "subnet-9cbfa3fb",
            "tags": {
              "Name": "devops_worker"
            },
            "tenancy": "default",
            "timeouts": null,
            "user_data": null,
            "user_data_base64": "IyEvYmluL2Jhc2gKeXVtIC15IHVwZGF0ZSAKY3VybCAtLXNpbGVudCAtLWxvY2F0aW9uIGh0dHBzOi8vcnBtLm5vZGVzb3VyY2UuY29tL3NldHVwXzExLnggfCBzdWRvIGJhc2ggLQpzdWRvIHl1bSBpbnN0YWxsIC15IG5vZGVqcyBub2RlanMtZGV2ZWwgLS1lbmFibGVyZXBvPW5vZGVzb3VyY2UKbm9kZSAtdgpzdWRvIHl1bSBpbnN0YWxsIC15IGdpdApnaXQgY2xvbmUgaHR0cHM6Ly9naXRodWIuY29tL2VnaG9zL2Rldm9wc190ZXN0LmdpdCAKY2QgZGV2b3BzX3Rlc3Qvd29ya2VyCm5wbSBpbnN0YWxsCm5wbSBydW4gc3RhcnQK",
            "volume_tags": {},
            "vpc_security_group_ids": [
              "sg-006ec3ddaa5f06506"
            ]
          },
          "private": "eyJlMmJmYjczMC1lY2FhLTExZTYtOGY4OC0zNDM2M2JjN2M0YzAiOnsiY3JlYXRlIjo2MDAwMDAwMDAwMDAsImRlbGV0ZSI6MTIwMDAwMDAwMDAwMCwidXBkYXRlIjo2MDAwMDAwMDAwMDB9LCJzY2hlbWFfdmVyc2lvbiI6IjEifQ==",
          "depends_on": [
            "aws_security_group.devops_sg"
          ]
        }
      ]
    },
    {
      "mode": "managed",
      "type": "aws_key_pair",
      "name": "deployer",
      "provider": "provider.aws",
      "instances": [
        {
          "schema_version": 1,
          "attributes": {
            "fingerprint": "8f:c8:fa:86:c5:db:7e:f1:12:1a:23:8e:e6:d0:f1:14",
            "id": "devops_key",
            "key_name": "devops_key",
            "key_name_prefix": null,
            "public_key": "ssh-rsa AAAAB3NzaC1yc2EAAAADAQABAAABAQC/E+IjDfzyV8FemfBly/Q8RkgecjHt1LdXgoHSmFKvqicvyKSgX2V2UDLwVHj6ji3i5pagZhF7jdjgykKSNMq7iv+XXIGTZvm1/pML2HYBG+T8I5+9bPUX4Fo1FRPU7HjhwWGK/ix/AR/j+0K6NQrBGmcanjLG2FtodzT92OwsVYBwudRu52vysKaqyphi1SAeUciVljBRS7dKWNkkUCs0xn1xxT2IqA+gBxUM2L64PF+OUouCgnm7hGM1P5/jk4Zi3JKlo/lAHyGHckvxK4tP2fka66AfjbCMuwkDrclGFONzJEq4kc1jZS8ERcyOzRs/OUEcn28cvXCdncz7bUln aeghobor@Anthonys-MacBook-Air.local"
          },
          "private": "eyJzY2hlbWFfdmVyc2lvbiI6IjEifQ=="
        }
      ]
    },
    {
      "mode": "managed",
      "type": "aws_lb",
      "name": "devops",
      "provider": "provider.aws",
      "instances": [
        {
          "schema_version": 0,
          "attributes": {
            "access_logs": [
              {
                "bucket": "",
                "enabled": false,
                "prefix": ""
              }
            ],
            "arn": "arn:aws:elasticloadbalancing:eu-west-1:336209744632:loadbalancer/app/devops-alb/f5a26f8c583810bd",
            "arn_suffix": "app/devops-alb/f5a26f8c583810bd",
            "dns_name": "devops-alb-782969617.eu-west-1.elb.amazonaws.com",
            "enable_cross_zone_load_balancing": null,
            "enable_deletion_protection": false,
            "enable_http2": true,
            "id": "arn:aws:elasticloadbalancing:eu-west-1:336209744632:loadbalancer/app/devops-alb/f5a26f8c583810bd",
            "idle_timeout": 60,
            "internal": false,
            "ip_address_type": "ipv4",
            "load_balancer_type": "application",
            "name": "devops-alb",
            "name_prefix": null,
            "security_groups": [
              "sg-006ec3ddaa5f06506"
            ],
            "subnet_mapping": [
              {
                "allocation_id": "",
                "subnet_id": "subnet-827d25d9"
              },
              {
                "allocation_id": "",
                "subnet_id": "subnet-9cbfa3fb"
              }
            ],
            "subnets": [
              "subnet-827d25d9",
              "subnet-9cbfa3fb"
            ],
            "tags": {
              "Environment": "devops_env"
            },
            "timeouts": null,
            "vpc_id": "vpc-8d15e7eb",
            "zone_id": "Z32O12XQLNTSW2"
          },
          "private": "eyJlMmJmYjczMC1lY2FhLTExZTYtOGY4OC0zNDM2M2JjN2M0YzAiOnsiY3JlYXRlIjo2MDAwMDAwMDAwMDAsImRlbGV0ZSI6NjAwMDAwMDAwMDAwLCJ1cGRhdGUiOjYwMDAwMDAwMDAwMH19",
          "depends_on": [
            "aws_security_group.devops_sg"
          ]
        }
      ]
    },
    {
      "mode": "managed",
      "type": "aws_lb_listener",
      "name": "devops",
      "provider": "provider.aws",
      "instances": [
        {
          "schema_version": 0,
          "attributes": {
            "arn": "arn:aws:elasticloadbalancing:eu-west-1:336209744632:listener/app/devops-alb/f5a26f8c583810bd/3065eeb9cda7e922",
            "certificate_arn": null,
            "default_action": [
              {
                "authenticate_cognito": [],
                "authenticate_oidc": [],
                "fixed_response": [],
                "order": 1,
                "redirect": [],
                "target_group_arn": "arn:aws:elasticloadbalancing:eu-west-1:336209744632:targetgroup/frontend/f440b047f77b49e6",
                "type": "forward"
              }
            ],
            "id": "arn:aws:elasticloadbalancing:eu-west-1:336209744632:listener/app/devops-alb/f5a26f8c583810bd/3065eeb9cda7e922",
            "load_balancer_arn": "arn:aws:elasticloadbalancing:eu-west-1:336209744632:loadbalancer/app/devops-alb/f5a26f8c583810bd",
            "port": 80,
            "protocol": "HTTP",
            "ssl_policy": "",
            "timeouts": null
          },
          "private": "eyJlMmJmYjczMC1lY2FhLTExZTYtOGY4OC0zNDM2M2JjN2M0YzAiOnsicmVhZCI6NjAwMDAwMDAwMDAwfX0=",
          "depends_on": [
            "aws_lb.devops",
            "aws_lb_target_group.frontend"
          ]
        }
      ]
    },
    {
      "mode": "managed",
      "type": "aws_lb_listener_rule",
      "name": "api",
      "provider": "provider.aws",
      "instances": [
        {
          "schema_version": 0,
          "attributes": {
            "action": [
              {
                "authenticate_cognito": [],
                "authenticate_oidc": [],
                "fixed_response": [],
                "order": 1,
                "redirect": [],
                "target_group_arn": "arn:aws:elasticloadbalancing:eu-west-1:336209744632:targetgroup/api/fe06ce352331223b",
                "type": "forward"
              }
            ],
            "arn": "arn:aws:elasticloadbalancing:eu-west-1:336209744632:listener-rule/app/devops-alb/f5a26f8c583810bd/3065eeb9cda7e922/4182cea7b501969a",
            "condition": [
              {
                "field": "path-pattern",
                "values": [
                  "/api"
                ]
              }
            ],
            "id": "arn:aws:elasticloadbalancing:eu-west-1:336209744632:listener-rule/app/devops-alb/f5a26f8c583810bd/3065eeb9cda7e922/4182cea7b501969a",
            "listener_arn": "arn:aws:elasticloadbalancing:eu-west-1:336209744632:listener/app/devops-alb/f5a26f8c583810bd/3065eeb9cda7e922",
            "priority": 300
          },
          "private": "bnVsbA==",
          "depends_on": [
            "aws_lb_listener.devops",
            "aws_lb_target_group.api"
          ]
        }
      ]
    },
    {
      "mode": "managed",
      "type": "aws_lb_listener_rule",
      "name": "frontend",
      "provider": "provider.aws",
      "instances": [
        {
          "schema_version": 0,
          "attributes": {
            "action": [
              {
                "authenticate_cognito": [],
                "authenticate_oidc": [],
                "fixed_response": [],
                "order": 1,
                "redirect": [],
                "target_group_arn": "arn:aws:elasticloadbalancing:eu-west-1:336209744632:targetgroup/frontend/f440b047f77b49e6",
                "type": "forward"
              }
            ],
            "arn": "arn:aws:elasticloadbalancing:eu-west-1:336209744632:listener-rule/app/devops-alb/f5a26f8c583810bd/3065eeb9cda7e922/b1f3e594bc8ba974",
            "condition": [
              {
                "field": "path-pattern",
                "values": [
                  "/"
                ]
              }
            ],
            "id": "arn:aws:elasticloadbalancing:eu-west-1:336209744632:listener-rule/app/devops-alb/f5a26f8c583810bd/3065eeb9cda7e922/b1f3e594bc8ba974",
            "listener_arn": "arn:aws:elasticloadbalancing:eu-west-1:336209744632:listener/app/devops-alb/f5a26f8c583810bd/3065eeb9cda7e922",
            "priority": 200
          },
          "private": "bnVsbA==",
          "depends_on": [
            "aws_lb_listener.devops",
            "aws_lb_target_group.frontend"
          ]
        }
      ]
    },
    {
      "mode": "managed",
      "type": "aws_lb_target_group",
      "name": "api",
      "provider": "provider.aws",
      "instances": [
        {
          "schema_version": 0,
          "attributes": {
            "arn": "arn:aws:elasticloadbalancing:eu-west-1:336209744632:targetgroup/api/fe06ce352331223b",
            "arn_suffix": "targetgroup/api/fe06ce352331223b",
            "deregistration_delay": 300,
            "health_check": [
              {
                "enabled": true,
                "healthy_threshold": 5,
                "interval": 30,
                "matcher": "200",
                "path": "/",
                "port": "traffic-port",
                "protocol": "HTTP",
                "timeout": 5,
                "unhealthy_threshold": 2
              }
            ],
            "id": "arn:aws:elasticloadbalancing:eu-west-1:336209744632:targetgroup/api/fe06ce352331223b",
            "lambda_multi_value_headers_enabled": false,
            "name": "api",
            "name_prefix": null,
            "port": 5000,
            "protocol": "HTTP",
            "proxy_protocol_v2": false,
            "slow_start": 0,
            "stickiness": [
              {
                "cookie_duration": 86400,
                "enabled": false,
                "type": "lb_cookie"
              }
            ],
            "tags": null,
            "target_type": "instance",
            "vpc_id": "vpc-8d15e7eb"
          },
          "private": "bnVsbA=="
        }
      ]
    },
    {
      "mode": "managed",
      "type": "aws_lb_target_group",
      "name": "frontend",
      "provider": "provider.aws",
      "instances": [
        {
          "schema_version": 0,
          "attributes": {
            "arn": "arn:aws:elasticloadbalancing:eu-west-1:336209744632:targetgroup/frontend/f440b047f77b49e6",
            "arn_suffix": "targetgroup/frontend/f440b047f77b49e6",
            "deregistration_delay": 300,
            "health_check": [
              {
                "enabled": true,
                "healthy_threshold": 5,
                "interval": 30,
                "matcher": "200",
                "path": "/",
                "port": "traffic-port",
                "protocol": "HTTP",
                "timeout": 5,
                "unhealthy_threshold": 2
              }
            ],
            "id": "arn:aws:elasticloadbalancing:eu-west-1:336209744632:targetgroup/frontend/f440b047f77b49e6",
            "lambda_multi_value_headers_enabled": false,
            "name": "frontend",
            "name_prefix": null,
            "port": 3000,
            "protocol": "HTTP",
            "proxy_protocol_v2": false,
            "slow_start": 0,
            "stickiness": [
              {
                "cookie_duration": 86400,
                "enabled": false,
                "type": "lb_cookie"
              }
            ],
            "tags": null,
            "target_type": "instance",
            "vpc_id": "vpc-8d15e7eb"
          },
          "private": "bnVsbA=="
        }
      ]
    },
    {
      "mode": "managed",
      "type": "aws_lb_target_group_attachment",
      "name": "api",
      "provider": "provider.aws",
      "instances": [
        {
          "schema_version": 0,
          "attributes": {
            "availability_zone": null,
            "id": "arn:aws:elasticloadbalancing:eu-west-1:336209744632:targetgroup/api/fe06ce352331223b-20190913124038005300000002",
            "port": 5000,
            "target_group_arn": "arn:aws:elasticloadbalancing:eu-west-1:336209744632:targetgroup/api/fe06ce352331223b",
            "target_id": "i-07030496522b9b0e0"
          },
          "private": "bnVsbA==",
          "depends_on": [
            "aws_instance.server",
            "aws_lb_target_group.api"
          ]
        }
      ]
    },
    {
      "mode": "managed",
      "type": "aws_lb_target_group_attachment",
      "name": "frontend",
      "provider": "provider.aws",
      "instances": [
        {
          "schema_version": 0,
          "attributes": {
            "availability_zone": null,
            "id": "arn:aws:elasticloadbalancing:eu-west-1:336209744632:targetgroup/frontend/f440b047f77b49e6-20190913124037853600000001",
            "port": 3000,
            "target_group_arn": "arn:aws:elasticloadbalancing:eu-west-1:336209744632:targetgroup/frontend/f440b047f77b49e6",
            "target_id": "i-0d785a0482f1a2ebf"
          },
          "private": "bnVsbA==",
          "depends_on": [
            "aws_instance.frontend",
            "aws_lb_target_group.frontend"
          ]
        }
      ]
    },
    {
      "mode": "managed",
      "type": "aws_security_group",
      "name": "devops_sg",
      "provider": "provider.aws",
      "instances": [
        {
          "schema_version": 1,
          "attributes": {
            "arn": "arn:aws:ec2:eu-west-1:336209744632:security-group/sg-006ec3ddaa5f06506",
            "description": "sg for devops test",
            "egress": [
              {
                "cidr_blocks": [
                  "0.0.0.0/0"
                ],
                "description": "",
                "from_port": 0,
                "ipv6_cidr_blocks": [],
                "prefix_list_ids": [],
                "protocol": "-1",
                "security_groups": [],
                "self": false,
                "to_port": 0
              }
            ],
            "id": "sg-006ec3ddaa5f06506",
            "ingress": [
              {
                "cidr_blocks": [
                  "0.0.0.0/0"
                ],
                "description": "",
                "from_port": 0,
                "ipv6_cidr_blocks": [],
                "prefix_list_ids": [],
                "protocol": "-1",
                "security_groups": [],
                "self": false,
                "to_port": 0
              }
            ],
            "name": "devops_sg",
            "name_prefix": null,
            "owner_id": "336209744632",
            "revoke_rules_on_delete": false,
            "tags": null,
            "timeouts": null,
            "vpc_id": "vpc-8d15e7eb"
          },
          "private": "eyJlMmJmYjczMC1lY2FhLTExZTYtOGY4OC0zNDM2M2JjN2M0YzAiOnsiY3JlYXRlIjo2MDAwMDAwMDAwMDAsImRlbGV0ZSI6NjAwMDAwMDAwMDAwfSwic2NoZW1hX3ZlcnNpb24iOiIxIn0="
        }
      ]
    }
  ]
}
